
Microsoft Visual Studio Solution File, Format Version 12.00
# Visual Studio Version 17
VisualStudioVersion = 17.14.36414.22
MinimumVisualStudioVersion = 10.0.40219.1
Project("{FAE04EC0-301F-11D3-BF4B-00C04F79EFBC}") = "ERPCore.API", "ERPCore.API\ERPCore.API.csproj", "{93327881-3E46-41D9-B01C-107B982E4E5F}"
EndProject
Project("{FAE04EC0-301F-11D3-BF4B-00C04F79EFBC}") = "ERPCore.Web", "ERPCore.Web\ERPCore.Web.csproj", "{58DD2E03-2B21-45D2-A3B3-BEED6CB73AFA}"
EndProject
Project("{FAE04EC0-301F-11D3-BF4B-00C04F79EFBC}") = "ERPCore.Models", "ERPCore.Models\ERPCore.Models.csproj", "{222A8F50-7B68-4A6E-9658-F7FDE6FDEDF3}"
EndProject
Project("{FAE04EC0-301F-11D3-BF4B-00C04F79EFBC}") = "ERPCore.Data", "ERPCore.Data\ERPCore.Data.csproj", "{7FA45AF6-8061-45D5-A401-3032F2F2798C}"
EndProject
Project("{FAE04EC0-301F-11D3-BF4B-00C04F79EFBC}") = "ERPCore.Services", "ERPCore.Services\ERPCore.Services.csproj", "{186B5F6C-4789-4AA0-A10D-0F4637DBA15B}"
EndProject
Project("{FAE04EC0-301F-11D3-BF4B-00C04F79EFBC}") = "ERPCore.Common", "ERPCore.Common\ERPCore.Common.csproj", "{5553AFF9-76F8-4221-9A87-DF9FAE3AE364}"
EndProject
Project("{FAE04EC0-301F-11D3-BF4B-00C04F79EFBC}") = "ERPCore.Sync", "ERPCore.Sync\ERPCore.Sync.csproj", "{7A505954-62CA-47B7-9B84-2C5AA5FDC588}"
EndProject
Project("{2150E333-8FDC-42A3-9474-1A3956D46DE8}") = "Itens de Solução", "Itens de Solução", "{380A7511-A354-6D7A-0CC0-8FA1F1BA7B6C}"
	ProjectSection(SolutionItems) = preProject
		README.txt = README.txt
	EndProjectSection
EndProject
Project("{FAE04EC0-301F-11D3-BF4B-00C04F79EFBC}") = "ERPCore.Desktop", "ERPCore.Desktop\ERPCore.Desktop.csproj", "{E64C0B5E-AF87-4A32-889B-20CC26BFEE4F}"
EndProject
Global
	GlobalSection(SolutionConfigurationPlatforms) = preSolution
		Debug|Any CPU = Debug|Any CPU
		Debug|x64 = Debug|x64
		Debug|x86 = Debug|x86
		Release|Any CPU = Release|Any CPU
		Release|x64 = Release|x64
		Release|x86 = Release|x86
	EndGlobalSection
	GlobalSection(ProjectConfigurationPlatforms) = postSolution
		{93327881-3E46-41D9-B01C-107B982E4E5F}.Debug|Any CPU.ActiveCfg = Debug|Any CPU
		{93327881-3E46-41D9-B01C-107B982E4E5F}.Debug|Any CPU.Build.0 = Debug|Any CPU
		{93327881-3E46-41D9-B01C-107B982E4E5F}.Debug|x64.ActiveCfg = Debug|Any CPU
		{93327881-3E46-41D9-B01C-107B982E4E5F}.Debug|x64.Build.0 = Debug|Any CPU
		{93327881-3E46-41D9-B01C-107B982E4E5F}.Debug|x86.ActiveCfg = Debug|Any CPU
		{93327881-3E46-41D9-B01C-107B982E4E5F}.Debug|x86.Build.0 = Debug|Any CPU
		{93327881-3E46-41D9-B01C-107B982E4E5F}.Release|Any CPU.ActiveCfg = Release|Any CPU
		{93327881-3E46-41D9-B01C-107B982E4E5F}.Release|Any CPU.Build.0 = Release|Any CPU
		{93327881-3E46-41D9-B01C-107B982E4E5F}.Release|x64.ActiveCfg = Release|Any CPU
		{93327881-3E46-41D9-B01C-107B982E4E5F}.Release|x64.Build.0 = Release|Any CPU
		{93327881-3E46-41D9-B01C-107B982E4E5F}.Release|x86.ActiveCfg = Release|Any CPU
		{93327881-3E46-41D9-B01C-107B982E4E5F}.Release|x86.Build.0 = Release|Any CPU
		{58DD2E03-2B21-45D2-A3B3-BEED6CB73AFA}.Debug|Any CPU.ActiveCfg = Debug|Any CPU
		{58DD2E03-2B21-45D2-A3B3-BEED6CB73AFA}.Debug|Any CPU.Build.0 = Debug|Any CPU
		{58DD2E03-2B21-45D2-A3B3-BEED6CB73AFA}.Debug|x64.ActiveCfg = Debug|Any CPU
		{58DD2E03-2B21-45D2-A3B3-BEED6CB73AFA}.Debug|x64.Build.0 = Debug|Any CPU
		{58DD2E03-2B21-45D2-A3B3-BEED6CB73AFA}.Debug|x86.ActiveCfg = Debug|Any CPU
		{58DD2E03-2B21-45D2-A3B3-BEED6CB73AFA}.Debug|x86.Build.0 = Debug|Any CPU
		{58DD2E03-2B21-45D2-A3B3-BEED6CB73AFA}.Release|Any CPU.ActiveCfg = Release|Any CPU
		{58DD2E03-2B21-45D2-A3B3-BEED6CB73AFA}.Release|Any CPU.Build.0 = Release|Any CPU
		{58DD2E03-2B21-45D2-A3B3-BEED6CB73AFA}.Release|x64.ActiveCfg = Release|Any CPU
		{58DD2E03-2B21-45D2-A3B3-BEED6CB73AFA}.Release|x64.Build.0 = Release|Any CPU
		{58DD2E03-2B21-45D2-A3B3-BEED6CB73AFA}.Release|x86.ActiveCfg = Release|Any CPU
		{58DD2E03-2B21-45D2-A3B3-BEED6CB73AFA}.Release|x86.Build.0 = Release|Any CPU
		{222A8F50-7B68-4A6E-9658-F7FDE6FDEDF3}.Debug|Any CPU.ActiveCfg = Debug|Any CPU
		{222A8F50-7B68-4A6E-9658-F7FDE6FDEDF3}.Debug|Any CPU.Build.0 = Debug|Any CPU
		{222A8F50-7B68-4A6E-9658-F7FDE6FDEDF3}.Debug|x64.ActiveCfg = Debug|Any CPU
		{222A8F50-7B68-4A6E-9658-F7FDE6FDEDF3}.Debug|x64.Build.0 = Debug|Any CPU
		{222A8F50-7B68-4A6E-9658-F7FDE6FDEDF3}.Debug|x86.ActiveCfg = Debug|Any CPU
		{222A8F50-7B68-4A6E-9658-F7FDE6FDEDF3}.Debug|x86.Build.0 = Debug|Any CPU
		{222A8F50-7B68-4A6E-9658-F7FDE6FDEDF3}.Release|Any CPU.ActiveCfg = Release|Any CPU
		{222A8F50-7B68-4A6E-9658-F7FDE6FDEDF3}.Release|Any CPU.Build.0 = Release|Any CPU
		{222A8F50-7B68-4A6E-9658-F7FDE6FDEDF3}.Release|x64.ActiveCfg = Release|Any CPU
		{222A8F50-7B68-4A6E-9658-F7FDE6FDEDF3}.Release|x64.Build.0 = Release|Any CPU
		{222A8F50-7B68-4A6E-9658-F7FDE6FDEDF3}.Release|x86.ActiveCfg = Release|Any CPU
		{222A8F50-7B68-4A6E-9658-F7FDE6FDEDF3}.Release|x86.Build.0 = Release|Any CPU
		{7FA45AF6-8061-45D5-A401-3032F2F2798C}.Debug|Any CPU.ActiveCfg = Debug|Any CPU
		{7FA45AF6-8061-45D5-A401-3032F2F2798C}.Debug|Any CPU.Build.0 = Debug|Any CPU
		{7FA45AF6-8061-45D5-A401-3032F2F2798C}.Debug|x64.ActiveCfg = Debug|Any CPU
		{7FA45AF6-8061-45D5-A401-3032F2F2798C}.Debug|x64.Build.0 = Debug|Any CPU
		{7FA45AF6-8061-45D5-A401-3032F2F2798C}.Debug|x86.ActiveCfg = Debug|Any CPU
		{7FA45AF6-8061-45D5-A401-3032F2F2798C}.Debug|x86.Build.0 = Debug|Any CPU
		{7FA45AF6-8061-45D5-A401-3032F2F2798C}.Release|Any CPU.ActiveCfg = Release|Any CPU
		{7FA45AF6-8061-45D5-A401-3032F2F2798C}.Release|Any CPU.Build.0 = Release|Any CPU
		{7FA45AF6-8061-45D5-A401-3032F2F2798C}.Release|x64.ActiveCfg = Release|Any CPU
		{7FA45AF6-8061-45D5-A401-3032F2F2798C}.Release|x64.Build.0 = Release|Any CPU
		{7FA45AF6-8061-45D5-A401-3032F2F2798C}.Release|x86.ActiveCfg = Release|Any CPU
		{7FA45AF6-8061-45D5-A401-3032F2F2798C}.Release|x86.Build.0 = Release|Any CPU
		{186B5F6C-4789-4AA0-A10D-0F4637DBA15B}.Debug|Any CPU.ActiveCfg = Debug|Any CPU
		{186B5F6C-4789-4AA0-A10D-0F4637DBA15B}.Debug|Any CPU.Build.0 = Debug|Any CPU
		{186B5F6C-4789-4AA0-A10D-0F4637DBA15B}.Debug|x64.ActiveCfg = Debug|Any CPU
		{186B5F6C-4789-4AA0-A10D-0F4637DBA15B}.Debug|x64.Build.0 = Debug|Any CPU
		{186B5F6C-4789-4AA0-A10D-0F4637DBA15B}.Debug|x86.ActiveCfg = Debug|Any CPU
		{186B5F6C-4789-4AA0-A10D-0F4637DBA15B}.Debug|x86.Build.0 = Debug|Any CPU
		{186B5F6C-4789-4AA0-A10D-0F4637DBA15B}.Release|Any CPU.ActiveCfg = Release|Any CPU
		{186B5F6C-4789-4AA0-A10D-0F4637DBA15B}.Release|Any CPU.Build.0 = Release|Any CPU
		{186B5F6C-4789-4AA0-A10D-0F4637DBA15B}.Release|x64.ActiveCfg = Release|Any CPU
		{186B5F6C-4789-4AA0-A10D-0F4637DBA15B}.Release|x64.Build.0 = Release|Any CPU
		{186B5F6C-4789-4AA0-A10D-0F4637DBA15B}.Release|x86.ActiveCfg = Release|Any CPU
		{186B5F6C-4789-4AA0-A10D-0F4637DBA15B}.Release|x86.Build.0 = Release|Any CPU
		{5553AFF9-76F8-4221-9A87-DF9FAE3AE364}.Debug|Any CPU.ActiveCfg = Debug|Any CPU
		{5553AFF9-76F8-4221-9A87-DF9FAE3AE364}.Debug|Any CPU.Build.0 = Debug|Any CPU
		{5553AFF9-76F8-4221-9A87-DF9FAE3AE364}.Debug|x64.ActiveCfg = Debug|Any CPU
		{5553AFF9-76F8-4221-9A87-DF9FAE3AE364}.Debug|x64.Build.0 = Debug|Any CPU
		{5553AFF9-76F8-4221-9A87-DF9FAE3AE364}.Debug|x86.ActiveCfg = Debug|Any CPU
		{5553AFF9-76F8-4221-9A87-DF9FAE3AE364}.Debug|x86.Build.0 = Debug|Any CPU
		{5553AFF9-76F8-4221-9A87-DF9FAE3AE364}.Release|Any CPU.ActiveCfg = Release|Any CPU
		{5553AFF9-76F8-4221-9A87-DF9FAE3AE364}.Release|Any CPU.Build.0 = Release|Any CPU
		{5553AFF9-76F8-4221-9A87-DF9FAE3AE364}.Release|x64.ActiveCfg = Release|Any CPU
		{5553AFF9-76F8-4221-9A87-DF9FAE3AE364}.Release|x64.Build.0 = Release|Any CPU
		{5553AFF9-76F8-4221-9A87-DF9FAE3AE364}.Release|x86.ActiveCfg = Release|Any CPU
		{5553AFF9-76F8-4221-9A87-DF9FAE3AE364}.Release|x86.Build.0 = Release|Any CPU
		{7A505954-62CA-47B7-9B84-2C5AA5FDC588}.Debug|Any CPU.ActiveCfg = Debug|Any CPU
		{7A505954-62CA-47B7-9B84-2C5AA5FDC588}.Debug|Any CPU.Build.0 = Debug|Any CPU
		{7A505954-62CA-47B7-9B84-2C5AA5FDC588}.Debug|x64.ActiveCfg = Debug|Any CPU
		{7A505954-62CA-47B7-9B84-2C5AA5FDC588}.Debug|x64.Build.0 = Debug|Any CPU
		{7A505954-62CA-47B7-9B84-2C5AA5FDC588}.Debug|x86.ActiveCfg = Debug|Any CPU
		{7A505954-62CA-47B7-9B84-2C5AA5FDC588}.Debug|x86.Build.0 = Debug|Any CPU
		{7A505954-62CA-47B7-9B84-2C5AA5FDC588}.Release|Any CPU.ActiveCfg = Release|Any CPU
		{7A505954-62CA-47B7-9B84-2C5AA5FDC588}.Release|Any CPU.Build.0 = Release|Any CPU
		{7A505954-62CA-47B7-9B84-2C5AA5FDC588}.Release|x64.ActiveCfg = Release|Any CPU
		{7A505954-62CA-47B7-9B84-2C5AA5FDC588}.Release|x64.Build.0 = Release|Any CPU
		{7A505954-62CA-47B7-9B84-2C5AA5FDC588}.Release|x86.ActiveCfg = Release|Any CPU
		{7A505954-62CA-47B7-9B84-2C5AA5FDC588}.Release|x86.Build.0 = Release|Any CPU
		{E64C0B5E-AF87-4A32-889B-20CC26BFEE4F}.Debug|Any CPU.ActiveCfg = Debug|Any CPU
		{E64C0B5E-AF87-4A32-889B-20CC26BFEE4F}.Debug|Any CPU.Build.0 = Debug|Any CPU
		{E64C0B5E-AF87-4A32-889B-20CC26BFEE4F}.Debug|x64.ActiveCfg = Debug|Any CPU
		{E64C0B5E-AF87-4A32-889B-20CC26BFEE4F}.Debug|x64.Build.0 = Debug|Any CPU
		{E64C0B5E-AF87-4A32-889B-20CC26BFEE4F}.Debug|x86.ActiveCfg = Debug|Any CPU
		{E64C0B5E-AF87-4A32-889B-20CC26BFEE4F}.Debug|x86.Build.0 = Debug|Any CPU
		{E64C0B5E-AF87-4A32-889B-20CC26BFEE4F}.Release|Any CPU.ActiveCfg = Release|Any CPU
		{E64C0B5E-AF87-4A32-889B-20CC26BFEE4F}.Release|Any CPU.Build.0 = Release|Any CPU
		{E64C0B5E-AF87-4A32-889B-20CC26BFEE4F}.Release|x64.ActiveCfg = Release|Any CPU
		{E64C0B5E-AF87-4A32-889B-20CC26BFEE4F}.Release|x64.Build.0 = Release|Any CPU
		{E64C0B5E-AF87-4A32-889B-20CC26BFEE4F}.Release|x86.ActiveCfg = Release|Any CPU
		{E64C0B5E-AF87-4A32-889B-20CC26BFEE4F}.Release|x86.Build.0 = Release|Any CPU
	EndGlobalSection
	GlobalSection(SolutionProperties) = preSolution
		HideSolutionNode = FALSE
	EndGlobalSection
	GlobalSection(ExtensibilityGlobals) = postSolution
		SolutionGuid = {37F6B7A9-61D0-4B50-B51B-5EDBACB81082}
	EndGlobalSection
EndGlobal
